// !$*UTF8*$!
{
	archiveVersion = 1;
	classes = {
	};
	objectVersion = 56;
	objects = {

/* Begin PBXBuildFile section */
		FA63293D2A56E24E00B8BE01 /* Keychain.swift in Sources */ = {isa = PBXBuildFile; fileRef = FA63293C2A56E24E00B8BE01 /* Keychain.swift */; };
		FA63293F2A56E26300B8BE01 /* UserDataSource.swift in Sources */ = {isa = PBXBuildFile; fileRef = FA63293E2A56E26300B8BE01 /* UserDataSource.swift */; };
		FA6329412A56E26900B8BE01 /* UserRepository.swift in Sources */ = {isa = PBXBuildFile; fileRef = FA6329402A56E26900B8BE01 /* UserRepository.swift */; };
		FA6329432A56E27900B8BE01 /* UserRepositoryProtocol.swift in Sources */ = {isa = PBXBuildFile; fileRef = FA6329422A56E27900B8BE01 /* UserRepositoryProtocol.swift */; };
		FA6329452A56E27F00B8BE01 /* User.swift in Sources */ = {isa = PBXBuildFile; fileRef = FA6329442A56E27F00B8BE01 /* User.swift */; };
		FA6329472A56E28600B8BE01 /* UserUseCase.swift in Sources */ = {isa = PBXBuildFile; fileRef = FA6329462A56E28600B8BE01 /* UserUseCase.swift */; };
		FA63294B2A56E29F00B8BE01 /* APIService.swift in Sources */ = {isa = PBXBuildFile; fileRef = FA63294A2A56E29F00B8BE01 /* APIService.swift */; };
		FA63294D2A56E94D00B8BE01 /* View.swift in Sources */ = {isa = PBXBuildFile; fileRef = FA63294C2A56E94D00B8BE01 /* View.swift */; };
		FA63294F2A56E95A00B8BE01 /* HomeViewController.swift in Sources */ = {isa = PBXBuildFile; fileRef = FA63294E2A56E95A00B8BE01 /* HomeViewController.swift */; };
		FA6329512A56E96100B8BE01 /* HomeViewModel.swift in Sources */ = {isa = PBXBuildFile; fileRef = FA6329502A56E96100B8BE01 /* HomeViewModel.swift */; };
		FA6DE6E12A5ECB0400E80A0D /* TabCoordinator.swift in Sources */ = {isa = PBXBuildFile; fileRef = FA6DE6E02A5ECB0400E80A0D /* TabCoordinator.swift */; };
		FA6DE6E32A5ECCE000E80A0D /* HomeCoordinator.swift in Sources */ = {isa = PBXBuildFile; fileRef = FA6DE6E22A5ECCE000E80A0D /* HomeCoordinator.swift */; };
		FA6DE6E52A5ECCE800E80A0D /* ChatCoordinator.swift in Sources */ = {isa = PBXBuildFile; fileRef = FA6DE6E42A5ECCE800E80A0D /* ChatCoordinator.swift */; };
		FA6DE6E72A5ECCFE00E80A0D /* MyCarrotCoordinator.swift in Sources */ = {isa = PBXBuildFile; fileRef = FA6DE6E62A5ECCFE00E80A0D /* MyCarrotCoordinator.swift */; };
		FA6DE6EA2A5ECE2900E80A0D /* ChatListViewController.swift in Sources */ = {isa = PBXBuildFile; fileRef = FA6DE6E92A5ECE2900E80A0D /* ChatListViewController.swift */; };
		FA6DE6ED2A5ECE5600E80A0D /* MyCarrotViewController.swift in Sources */ = {isa = PBXBuildFile; fileRef = FA6DE6EC2A5ECE5600E80A0D /* MyCarrotViewController.swift */; };
		FA6DE6F72A6161A400E80A0D /* LoginMainCoordinator.swift in Sources */ = {isa = PBXBuildFile; fileRef = FA6DE6F62A6161A400E80A0D /* LoginMainCoordinator.swift */; };
		FA6DE6FD2A61621700E80A0D /* LoginMainViewController.swift in Sources */ = {isa = PBXBuildFile; fileRef = FA6DE6FC2A61621700E80A0D /* LoginMainViewController.swift */; };
		FA7F00692A72261F00FEAB84 /* CertifyViewModel.swift in Sources */ = {isa = PBXBuildFile; fileRef = FA7F00682A72261F00FEAB84 /* CertifyViewModel.swift */; };
		FA7F006B2A72386700FEAB84 /* UIViewController + RxLifeCycle.swift in Sources */ = {isa = PBXBuildFile; fileRef = FA7F006A2A72386700FEAB84 /* UIViewController + RxLifeCycle.swift */; };
		FA7F006E2A726F6C00FEAB84 /* AuthDataSource.swift in Sources */ = {isa = PBXBuildFile; fileRef = FA7F006D2A726F6C00FEAB84 /* AuthDataSource.swift */; };
		FA7F00752A72795E00FEAB84 /* AuthDataSourceProtocol.swift in Sources */ = {isa = PBXBuildFile; fileRef = FA7F00742A72795E00FEAB84 /* AuthDataSourceProtocol.swift */; };
		FA7F00772A727B4800FEAB84 /* AuthRepository.swift in Sources */ = {isa = PBXBuildFile; fileRef = FA7F00762A727B4800FEAB84 /* AuthRepository.swift */; };
		FA7F00792A727BD900FEAB84 /* AuthRepositoryProtocol.swift in Sources */ = {isa = PBXBuildFile; fileRef = FA7F00782A727BD900FEAB84 /* AuthRepositoryProtocol.swift */; };
		FA7F007B2A727DB800FEAB84 /* SignInUseCase.swift in Sources */ = {isa = PBXBuildFile; fileRef = FA7F007A2A727DB800FEAB84 /* SignInUseCase.swift */; };
		FA7F007E2A7280EE00FEAB84 /* KeychainProtocol.swift in Sources */ = {isa = PBXBuildFile; fileRef = FA7F007D2A7280EE00FEAB84 /* KeychainProtocol.swift */; };
		FA8846BF2A7501A800051287 /* KeychainManager.swift in Sources */ = {isa = PBXBuildFile; fileRef = FA8846BE2A7501A800051287 /* KeychainManager.swift */; };
		FA8846C12A75021100051287 /* KeychainManagerProtocol.swift in Sources */ = {isa = PBXBuildFile; fileRef = FA8846C02A75021100051287 /* KeychainManagerProtocol.swift */; };
		FA8846C32A75036900051287 /* TokenRepository.swift in Sources */ = {isa = PBXBuildFile; fileRef = FA8846C22A75036900051287 /* TokenRepository.swift */; };
		FA8846C52A75063C00051287 /* TokenRepositoryProtocol.swift in Sources */ = {isa = PBXBuildFile; fileRef = FA8846C42A75063C00051287 /* TokenRepositoryProtocol.swift */; };
		FA8846C82A750A5800051287 /* SignInUseCaseProtocol.swift in Sources */ = {isa = PBXBuildFile; fileRef = FA8846C72A750A5800051287 /* SignInUseCaseProtocol.swift */; };
		FA8846CB2A777A3C00051287 /* SentMessageAlertView.swift in Sources */ = {isa = PBXBuildFile; fileRef = FA8846CA2A777A3C00051287 /* SentMessageAlertView.swift */; };
		FA8846CE2A77810000051287 /* RxKeyboard in Frameworks */ = {isa = PBXBuildFile; productRef = FA8846CD2A77810000051287 /* RxKeyboard */; };
		FA8846D12A7786CD00051287 /* LoginCoordinator.swift in Sources */ = {isa = PBXBuildFile; fileRef = FA8846D02A7786CD00051287 /* LoginCoordinator.swift */; };
		FA8846D52A7787A300051287 /* LoginViewController.swift in Sources */ = {isa = PBXBuildFile; fileRef = FA8846D42A7787A300051287 /* LoginViewController.swift */; };
		FA8846D82A7787EF00051287 /* LoginViewModel.swift in Sources */ = {isa = PBXBuildFile; fileRef = FA8846D72A7787EF00051287 /* LoginViewModel.swift */; };
		FA8846DB2A778E0800051287 /* EditProfileViewController.swift in Sources */ = {isa = PBXBuildFile; fileRef = FA8846DA2A778E0800051287 /* EditProfileViewController.swift */; };
		FA8846E22A779B5900051287 /* ProfileImageView.swift in Sources */ = {isa = PBXBuildFile; fileRef = FA8846E12A779B5900051287 /* ProfileImageView.swift */; };
		FA8846E42A77B88800051287 /* EditProfileViewModel.swift in Sources */ = {isa = PBXBuildFile; fileRef = FA8846E32A77B88800051287 /* EditProfileViewModel.swift */; };
		FA8846E62A77BD6700051287 /* RxUIViewController + Alert.swift in Sources */ = {isa = PBXBuildFile; fileRef = FA8846E52A77BD6700051287 /* RxUIViewController + Alert.swift */; };
		FA8846E92A77D16E00051287 /* UserResponseDTO.swift in Sources */ = {isa = PBXBuildFile; fileRef = FA8846E82A77D16E00051287 /* UserResponseDTO.swift */; };
		FA8846EB2A77D2F700051287 /* UserRequestDTO.swift in Sources */ = {isa = PBXBuildFile; fileRef = FA8846EA2A77D2F700051287 /* UserRequestDTO.swift */; };
		FA8846ED2A77D36E00051287 /* Encodable+Dictionary.swift in Sources */ = {isa = PBXBuildFile; fileRef = FA8846EC2A77D36E00051287 /* Encodable+Dictionary.swift */; };
		FA8846EF2A77D5BF00051287 /* UserDataSourceProtocol.swift in Sources */ = {isa = PBXBuildFile; fileRef = FA8846EE2A77D5BF00051287 /* UserDataSourceProtocol.swift */; };
		FA8846F22A77D99700051287 /* FirebaseAuth in Frameworks */ = {isa = PBXBuildFile; productRef = FA8846F12A77D99700051287 /* FirebaseAuth */; };
		FA8846F42A77D99700051287 /* FirebaseFirestore in Frameworks */ = {isa = PBXBuildFile; productRef = FA8846F32A77D99700051287 /* FirebaseFirestore */; };
		FA8846F62A77D99700051287 /* FirebaseMessaging in Frameworks */ = {isa = PBXBuildFile; productRef = FA8846F52A77D99700051287 /* FirebaseMessaging */; };
		FA8846F82A77D99700051287 /* FirebaseStorage in Frameworks */ = {isa = PBXBuildFile; productRef = FA8846F72A77D99700051287 /* FirebaseStorage */; };
		FACE340A2A78E84F00DFD745 /* EditProfileUseCase.swift in Sources */ = {isa = PBXBuildFile; fileRef = FACE34092A78E84F00DFD745 /* EditProfileUseCase.swift */; };
		FACE340C2A78FCB400DFD745 /* EditProfileUseCaseProtocol.swift in Sources */ = {isa = PBXBuildFile; fileRef = FACE340B2A78FCB400DFD745 /* EditProfileUseCaseProtocol.swift */; };
		FAEDAFAC2A5593DA004C4E5A /* AppDelegate.swift in Sources */ = {isa = PBXBuildFile; fileRef = FAEDAFAB2A5593DA004C4E5A /* AppDelegate.swift */; };
		FAEDAFAE2A5593DA004C4E5A /* SceneDelegate.swift in Sources */ = {isa = PBXBuildFile; fileRef = FAEDAFAD2A5593DA004C4E5A /* SceneDelegate.swift */; };
		FAEDAFB52A5593E1004C4E5A /* Assets.xcassets in Resources */ = {isa = PBXBuildFile; fileRef = FAEDAFB42A5593E1004C4E5A /* Assets.xcassets */; };
		FAEDAFB82A5593E3004C4E5A /* LaunchScreen.storyboard in Resources */ = {isa = PBXBuildFile; fileRef = FAEDAFB62A5593E3004C4E5A /* LaunchScreen.storyboard */; };
		FAEDAFC32A5593E5004C4E5A /* CarrotCloneTests.swift in Sources */ = {isa = PBXBuildFile; fileRef = FAEDAFC22A5593E5004C4E5A /* CarrotCloneTests.swift */; };
		FAEDAFCD2A5593E5004C4E5A /* CarrotCloneUITests.swift in Sources */ = {isa = PBXBuildFile; fileRef = FAEDAFCC2A5593E5004C4E5A /* CarrotCloneUITests.swift */; };
		FAEDAFCF2A5593E5004C4E5A /* CarrotCloneUITestsLaunchTests.swift in Sources */ = {isa = PBXBuildFile; fileRef = FAEDAFCE2A5593E5004C4E5A /* CarrotCloneUITestsLaunchTests.swift */; };
		FAEDAFDD2A55943F004C4E5A /* SnapKit in Frameworks */ = {isa = PBXBuildFile; productRef = FAEDAFDC2A55943F004C4E5A /* SnapKit */; };
		FAEDAFE02A559447004C4E5A /* Then in Frameworks */ = {isa = PBXBuildFile; productRef = FAEDAFDF2A559447004C4E5A /* Then */; };
		FAEDAFE32A559451004C4E5A /* Swinject in Frameworks */ = {isa = PBXBuildFile; productRef = FAEDAFE22A559451004C4E5A /* Swinject */; };
		FAEDAFE62A559467004C4E5A /* RxCocoa in Frameworks */ = {isa = PBXBuildFile; productRef = FAEDAFE52A559467004C4E5A /* RxCocoa */; };
		FAEDAFE82A559467004C4E5A /* RxRelay in Frameworks */ = {isa = PBXBuildFile; productRef = FAEDAFE72A559467004C4E5A /* RxRelay */; };
		FAEDAFEA2A559467004C4E5A /* RxSwift in Frameworks */ = {isa = PBXBuildFile; productRef = FAEDAFE92A559467004C4E5A /* RxSwift */; };
		FAEDAFED2A559473004C4E5A /* Alamofire in Frameworks */ = {isa = PBXBuildFile; productRef = FAEDAFEC2A559473004C4E5A /* Alamofire */; };
		FAEDAFF62A55956E004C4E5A /* GoogleService-Info.plist in Resources */ = {isa = PBXBuildFile; fileRef = FAEDAFF52A55956E004C4E5A /* GoogleService-Info.plist */; };
		FAEDB00F2A5599F2004C4E5A /* DIContainer.swift in Sources */ = {isa = PBXBuildFile; fileRef = FAEDB00E2A5599F2004C4E5A /* DIContainer.swift */; };
		FAEDB0112A559BA8004C4E5A /* ViewModel.swift in Sources */ = {isa = PBXBuildFile; fileRef = FAEDB0102A559BA8004C4E5A /* ViewModel.swift */; };
		FAEDB0132A559BFD004C4E5A /* Identifiable.swift in Sources */ = {isa = PBXBuildFile; fileRef = FAEDB0122A559BFD004C4E5A /* Identifiable.swift */; };
		FAEDB0152A559C34004C4E5A /* ViewController.swift in Sources */ = {isa = PBXBuildFile; fileRef = FAEDB0142A559C34004C4E5A /* ViewController.swift */; };
		FAEDB0172A559CCB004C4E5A /* BaseCoordinator.swift in Sources */ = {isa = PBXBuildFile; fileRef = FAEDB0162A559CCB004C4E5A /* BaseCoordinator.swift */; };
		FAEDB0192A559CF2004C4E5A /* AppCoordinator.swift in Sources */ = {isa = PBXBuildFile; fileRef = FAEDB0182A559CF2004C4E5A /* AppCoordinator.swift */; };
		FAEEC01B2A616BED0016E2A1 /* UIColor+CarrotColor.swift in Sources */ = {isa = PBXBuildFile; fileRef = FAEEC01A2A616BED0016E2A1 /* UIColor+CarrotColor.swift */; };
		FAEEC01D2A6171340016E2A1 /* LoginMainViewModel.swift in Sources */ = {isa = PBXBuildFile; fileRef = FAEEC01C2A6171340016E2A1 /* LoginMainViewModel.swift */; };
		FAEEC01F2A6266730016E2A1 /* SignupCoordinator.swift in Sources */ = {isa = PBXBuildFile; fileRef = FAEEC01E2A6266730016E2A1 /* SignupCoordinator.swift */; };
		FAEEC0222A62694B0016E2A1 /* SignupViewController.swift in Sources */ = {isa = PBXBuildFile; fileRef = FAEEC0212A62694B0016E2A1 /* SignupViewController.swift */; };
		FAEEC0252A627A5E0016E2A1 /* SignupViewModel.swift in Sources */ = {isa = PBXBuildFile; fileRef = FAEEC0242A627A5E0016E2A1 /* SignupViewModel.swift */; };
		FAEEC0282A6292740016E2A1 /* UITextField + Rx.swift in Sources */ = {isa = PBXBuildFile; fileRef = FAEEC0272A6292730016E2A1 /* UITextField + Rx.swift */; };
		FAEEC02A2A62A0B10016E2A1 /* CertifyCoordinator.swift in Sources */ = {isa = PBXBuildFile; fileRef = FAEEC0292A62A0B10016E2A1 /* CertifyCoordinator.swift */; };
		FAEEC02C2A62A1910016E2A1 /* CertifyViewController.swift in Sources */ = {isa = PBXBuildFile; fileRef = FAEEC02B2A62A1910016E2A1 /* CertifyViewController.swift */; };
/* End PBXBuildFile section */

/* Begin PBXContainerItemProxy section */
		FAEDAFBF2A5593E5004C4E5A /* PBXContainerItemProxy */ = {
			isa = PBXContainerItemProxy;
			containerPortal = FAEDAFA02A5593D9004C4E5A /* Project object */;
			proxyType = 1;
			remoteGlobalIDString = FAEDAFA72A5593D9004C4E5A;
			remoteInfo = CarrotClone;
		};
		FAEDAFC92A5593E5004C4E5A /* PBXContainerItemProxy */ = {
			isa = PBXContainerItemProxy;
			containerPortal = FAEDAFA02A5593D9004C4E5A /* Project object */;
			proxyType = 1;
			remoteGlobalIDString = FAEDAFA72A5593D9004C4E5A;
			remoteInfo = CarrotClone;
		};
/* End PBXContainerItemProxy section */

/* Begin PBXFileReference section */
		FA63293C2A56E24E00B8BE01 /* Keychain.swift */ = {isa = PBXFileReference; lastKnownFileType = sourcecode.swift; path = Keychain.swift; sourceTree = "<group>"; };
		FA63293E2A56E26300B8BE01 /* UserDataSource.swift */ = {isa = PBXFileReference; lastKnownFileType = sourcecode.swift; path = UserDataSource.swift; sourceTree = "<group>"; };
		FA6329402A56E26900B8BE01 /* UserRepository.swift */ = {isa = PBXFileReference; lastKnownFileType = sourcecode.swift; path = UserRepository.swift; sourceTree = "<group>"; };
		FA6329422A56E27900B8BE01 /* UserRepositoryProtocol.swift */ = {isa = PBXFileReference; lastKnownFileType = sourcecode.swift; path = UserRepositoryProtocol.swift; sourceTree = "<group>"; };
		FA6329442A56E27F00B8BE01 /* User.swift */ = {isa = PBXFileReference; lastKnownFileType = sourcecode.swift; path = User.swift; sourceTree = "<group>"; };
		FA6329462A56E28600B8BE01 /* UserUseCase.swift */ = {isa = PBXFileReference; lastKnownFileType = sourcecode.swift; path = UserUseCase.swift; sourceTree = "<group>"; };
		FA63294A2A56E29F00B8BE01 /* APIService.swift */ = {isa = PBXFileReference; lastKnownFileType = sourcecode.swift; path = APIService.swift; sourceTree = "<group>"; };
		FA63294C2A56E94D00B8BE01 /* View.swift */ = {isa = PBXFileReference; lastKnownFileType = sourcecode.swift; path = View.swift; sourceTree = "<group>"; };
		FA63294E2A56E95A00B8BE01 /* HomeViewController.swift */ = {isa = PBXFileReference; lastKnownFileType = sourcecode.swift; path = HomeViewController.swift; sourceTree = "<group>"; };
		FA6329502A56E96100B8BE01 /* HomeViewModel.swift */ = {isa = PBXFileReference; lastKnownFileType = sourcecode.swift; path = HomeViewModel.swift; sourceTree = "<group>"; };
		FA6DE6E02A5ECB0400E80A0D /* TabCoordinator.swift */ = {isa = PBXFileReference; lastKnownFileType = sourcecode.swift; path = TabCoordinator.swift; sourceTree = "<group>"; };
		FA6DE6E22A5ECCE000E80A0D /* HomeCoordinator.swift */ = {isa = PBXFileReference; lastKnownFileType = sourcecode.swift; path = HomeCoordinator.swift; sourceTree = "<group>"; };
		FA6DE6E42A5ECCE800E80A0D /* ChatCoordinator.swift */ = {isa = PBXFileReference; lastKnownFileType = sourcecode.swift; path = ChatCoordinator.swift; sourceTree = "<group>"; };
		FA6DE6E62A5ECCFE00E80A0D /* MyCarrotCoordinator.swift */ = {isa = PBXFileReference; lastKnownFileType = sourcecode.swift; path = MyCarrotCoordinator.swift; sourceTree = "<group>"; };
		FA6DE6E92A5ECE2900E80A0D /* ChatListViewController.swift */ = {isa = PBXFileReference; lastKnownFileType = sourcecode.swift; path = ChatListViewController.swift; sourceTree = "<group>"; };
		FA6DE6EC2A5ECE5600E80A0D /* MyCarrotViewController.swift */ = {isa = PBXFileReference; lastKnownFileType = sourcecode.swift; path = MyCarrotViewController.swift; sourceTree = "<group>"; };
		FA6DE6F62A6161A400E80A0D /* LoginMainCoordinator.swift */ = {isa = PBXFileReference; lastKnownFileType = sourcecode.swift; path = LoginMainCoordinator.swift; sourceTree = "<group>"; };
		FA6DE6FC2A61621700E80A0D /* LoginMainViewController.swift */ = {isa = PBXFileReference; lastKnownFileType = sourcecode.swift; path = LoginMainViewController.swift; sourceTree = "<group>"; };
		FA7F00682A72261F00FEAB84 /* CertifyViewModel.swift */ = {isa = PBXFileReference; lastKnownFileType = sourcecode.swift; path = CertifyViewModel.swift; sourceTree = "<group>"; };
		FA7F006A2A72386700FEAB84 /* UIViewController + RxLifeCycle.swift */ = {isa = PBXFileReference; lastKnownFileType = sourcecode.swift; path = "UIViewController + RxLifeCycle.swift"; sourceTree = "<group>"; };
		FA7F006C2A724A0F00FEAB84 /* CarrotClone.entitlements */ = {isa = PBXFileReference; lastKnownFileType = text.plist.entitlements; path = CarrotClone.entitlements; sourceTree = "<group>"; };
		FA7F006D2A726F6C00FEAB84 /* AuthDataSource.swift */ = {isa = PBXFileReference; lastKnownFileType = sourcecode.swift; path = AuthDataSource.swift; sourceTree = "<group>"; };
		FA7F00742A72795E00FEAB84 /* AuthDataSourceProtocol.swift */ = {isa = PBXFileReference; lastKnownFileType = sourcecode.swift; path = AuthDataSourceProtocol.swift; sourceTree = "<group>"; };
		FA7F00762A727B4800FEAB84 /* AuthRepository.swift */ = {isa = PBXFileReference; lastKnownFileType = sourcecode.swift; path = AuthRepository.swift; sourceTree = "<group>"; };
		FA7F00782A727BD900FEAB84 /* AuthRepositoryProtocol.swift */ = {isa = PBXFileReference; lastKnownFileType = sourcecode.swift; path = AuthRepositoryProtocol.swift; sourceTree = "<group>"; };
		FA7F007A2A727DB800FEAB84 /* SignInUseCase.swift */ = {isa = PBXFileReference; lastKnownFileType = sourcecode.swift; path = SignInUseCase.swift; sourceTree = "<group>"; };
		FA7F007D2A7280EE00FEAB84 /* KeychainProtocol.swift */ = {isa = PBXFileReference; lastKnownFileType = sourcecode.swift; path = KeychainProtocol.swift; sourceTree = "<group>"; };
		FA8846BE2A7501A800051287 /* KeychainManager.swift */ = {isa = PBXFileReference; lastKnownFileType = sourcecode.swift; path = KeychainManager.swift; sourceTree = "<group>"; };
		FA8846C02A75021100051287 /* KeychainManagerProtocol.swift */ = {isa = PBXFileReference; lastKnownFileType = sourcecode.swift; path = KeychainManagerProtocol.swift; sourceTree = "<group>"; };
		FA8846C22A75036900051287 /* TokenRepository.swift */ = {isa = PBXFileReference; lastKnownFileType = sourcecode.swift; path = TokenRepository.swift; sourceTree = "<group>"; };
		FA8846C42A75063C00051287 /* TokenRepositoryProtocol.swift */ = {isa = PBXFileReference; lastKnownFileType = sourcecode.swift; path = TokenRepositoryProtocol.swift; sourceTree = "<group>"; };
		FA8846C72A750A5800051287 /* SignInUseCaseProtocol.swift */ = {isa = PBXFileReference; lastKnownFileType = sourcecode.swift; path = SignInUseCaseProtocol.swift; sourceTree = "<group>"; };
		FA8846CA2A777A3C00051287 /* SentMessageAlertView.swift */ = {isa = PBXFileReference; lastKnownFileType = sourcecode.swift; path = SentMessageAlertView.swift; sourceTree = "<group>"; };
		FA8846D02A7786CD00051287 /* LoginCoordinator.swift */ = {isa = PBXFileReference; lastKnownFileType = sourcecode.swift; path = LoginCoordinator.swift; sourceTree = "<group>"; };
		FA8846D42A7787A300051287 /* LoginViewController.swift */ = {isa = PBXFileReference; lastKnownFileType = sourcecode.swift; path = LoginViewController.swift; sourceTree = "<group>"; };
		FA8846D72A7787EF00051287 /* LoginViewModel.swift */ = {isa = PBXFileReference; lastKnownFileType = sourcecode.swift; path = LoginViewModel.swift; sourceTree = "<group>"; };
		FA8846DA2A778E0800051287 /* EditProfileViewController.swift */ = {isa = PBXFileReference; lastKnownFileType = sourcecode.swift; path = EditProfileViewController.swift; sourceTree = "<group>"; };
		FA8846E12A779B5900051287 /* ProfileImageView.swift */ = {isa = PBXFileReference; lastKnownFileType = sourcecode.swift; path = ProfileImageView.swift; sourceTree = "<group>"; };
		FA8846E32A77B88800051287 /* EditProfileViewModel.swift */ = {isa = PBXFileReference; lastKnownFileType = sourcecode.swift; path = EditProfileViewModel.swift; sourceTree = "<group>"; };
		FA8846E52A77BD6700051287 /* RxUIViewController + Alert.swift */ = {isa = PBXFileReference; lastKnownFileType = sourcecode.swift; path = "RxUIViewController + Alert.swift"; sourceTree = "<group>"; };
		FA8846E82A77D16E00051287 /* UserResponseDTO.swift */ = {isa = PBXFileReference; lastKnownFileType = sourcecode.swift; path = UserResponseDTO.swift; sourceTree = "<group>"; };
		FA8846EA2A77D2F700051287 /* UserRequestDTO.swift */ = {isa = PBXFileReference; lastKnownFileType = sourcecode.swift; path = UserRequestDTO.swift; sourceTree = "<group>"; };
		FA8846EC2A77D36E00051287 /* Encodable+Dictionary.swift */ = {isa = PBXFileReference; lastKnownFileType = sourcecode.swift; path = "Encodable+Dictionary.swift"; sourceTree = "<group>"; };
		FA8846EE2A77D5BF00051287 /* UserDataSourceProtocol.swift */ = {isa = PBXFileReference; lastKnownFileType = sourcecode.swift; path = UserDataSourceProtocol.swift; sourceTree = "<group>"; };
		FACE34092A78E84F00DFD745 /* EditProfileUseCase.swift */ = {isa = PBXFileReference; lastKnownFileType = sourcecode.swift; path = EditProfileUseCase.swift; sourceTree = "<group>"; };
		FACE340B2A78FCB400DFD745 /* EditProfileUseCaseProtocol.swift */ = {isa = PBXFileReference; lastKnownFileType = sourcecode.swift; path = EditProfileUseCaseProtocol.swift; sourceTree = "<group>"; };
		FAEDAFA82A5593DA004C4E5A /* CarrotClone.app */ = {isa = PBXFileReference; explicitFileType = wrapper.application; includeInIndex = 0; path = CarrotClone.app; sourceTree = BUILT_PRODUCTS_DIR; };
		FAEDAFAB2A5593DA004C4E5A /* AppDelegate.swift */ = {isa = PBXFileReference; lastKnownFileType = sourcecode.swift; path = AppDelegate.swift; sourceTree = "<group>"; };
		FAEDAFAD2A5593DA004C4E5A /* SceneDelegate.swift */ = {isa = PBXFileReference; lastKnownFileType = sourcecode.swift; path = SceneDelegate.swift; sourceTree = "<group>"; };
		FAEDAFB42A5593E1004C4E5A /* Assets.xcassets */ = {isa = PBXFileReference; lastKnownFileType = folder.assetcatalog; path = Assets.xcassets; sourceTree = "<group>"; };
		FAEDAFB72A5593E3004C4E5A /* Base */ = {isa = PBXFileReference; lastKnownFileType = file.storyboard; name = Base; path = Base.lproj/LaunchScreen.storyboard; sourceTree = "<group>"; };
		FAEDAFB92A5593E3004C4E5A /* Info.plist */ = {isa = PBXFileReference; lastKnownFileType = text.plist.xml; path = Info.plist; sourceTree = "<group>"; };
		FAEDAFBE2A5593E5004C4E5A /* CarrotCloneTests.xctest */ = {isa = PBXFileReference; explicitFileType = wrapper.cfbundle; includeInIndex = 0; path = CarrotCloneTests.xctest; sourceTree = BUILT_PRODUCTS_DIR; };
		FAEDAFC22A5593E5004C4E5A /* CarrotCloneTests.swift */ = {isa = PBXFileReference; lastKnownFileType = sourcecode.swift; path = CarrotCloneTests.swift; sourceTree = "<group>"; };
		FAEDAFC82A5593E5004C4E5A /* CarrotCloneUITests.xctest */ = {isa = PBXFileReference; explicitFileType = wrapper.cfbundle; includeInIndex = 0; path = CarrotCloneUITests.xctest; sourceTree = BUILT_PRODUCTS_DIR; };
		FAEDAFCC2A5593E5004C4E5A /* CarrotCloneUITests.swift */ = {isa = PBXFileReference; lastKnownFileType = sourcecode.swift; path = CarrotCloneUITests.swift; sourceTree = "<group>"; };
		FAEDAFCE2A5593E5004C4E5A /* CarrotCloneUITestsLaunchTests.swift */ = {isa = PBXFileReference; lastKnownFileType = sourcecode.swift; path = CarrotCloneUITestsLaunchTests.swift; sourceTree = "<group>"; };
		FAEDAFF52A55956E004C4E5A /* GoogleService-Info.plist */ = {isa = PBXFileReference; fileEncoding = 4; lastKnownFileType = text.plist.xml; path = "GoogleService-Info.plist"; sourceTree = "<group>"; };
		FAEDB00E2A5599F2004C4E5A /* DIContainer.swift */ = {isa = PBXFileReference; lastKnownFileType = sourcecode.swift; path = DIContainer.swift; sourceTree = "<group>"; };
		FAEDB0102A559BA8004C4E5A /* ViewModel.swift */ = {isa = PBXFileReference; lastKnownFileType = sourcecode.swift; path = ViewModel.swift; sourceTree = "<group>"; };
		FAEDB0122A559BFD004C4E5A /* Identifiable.swift */ = {isa = PBXFileReference; lastKnownFileType = sourcecode.swift; path = Identifiable.swift; sourceTree = "<group>"; };
		FAEDB0142A559C34004C4E5A /* ViewController.swift */ = {isa = PBXFileReference; lastKnownFileType = sourcecode.swift; path = ViewController.swift; sourceTree = "<group>"; };
		FAEDB0162A559CCB004C4E5A /* BaseCoordinator.swift */ = {isa = PBXFileReference; lastKnownFileType = sourcecode.swift; path = BaseCoordinator.swift; sourceTree = "<group>"; };
		FAEDB0182A559CF2004C4E5A /* AppCoordinator.swift */ = {isa = PBXFileReference; lastKnownFileType = sourcecode.swift; path = AppCoordinator.swift; sourceTree = "<group>"; };
		FAEEC01A2A616BED0016E2A1 /* UIColor+CarrotColor.swift */ = {isa = PBXFileReference; lastKnownFileType = sourcecode.swift; path = "UIColor+CarrotColor.swift"; sourceTree = "<group>"; };
		FAEEC01C2A6171340016E2A1 /* LoginMainViewModel.swift */ = {isa = PBXFileReference; lastKnownFileType = sourcecode.swift; path = LoginMainViewModel.swift; sourceTree = "<group>"; };
		FAEEC01E2A6266730016E2A1 /* SignupCoordinator.swift */ = {isa = PBXFileReference; lastKnownFileType = sourcecode.swift; path = SignupCoordinator.swift; sourceTree = "<group>"; };
		FAEEC0212A62694B0016E2A1 /* SignupViewController.swift */ = {isa = PBXFileReference; lastKnownFileType = sourcecode.swift; path = SignupViewController.swift; sourceTree = "<group>"; };
		FAEEC0242A627A5E0016E2A1 /* SignupViewModel.swift */ = {isa = PBXFileReference; lastKnownFileType = sourcecode.swift; path = SignupViewModel.swift; sourceTree = "<group>"; };
		FAEEC0272A6292730016E2A1 /* UITextField + Rx.swift */ = {isa = PBXFileReference; lastKnownFileType = sourcecode.swift; path = "UITextField + Rx.swift"; sourceTree = "<group>"; };
		FAEEC0292A62A0B10016E2A1 /* CertifyCoordinator.swift */ = {isa = PBXFileReference; lastKnownFileType = sourcecode.swift; path = CertifyCoordinator.swift; sourceTree = "<group>"; };
		FAEEC02B2A62A1910016E2A1 /* CertifyViewController.swift */ = {isa = PBXFileReference; lastKnownFileType = sourcecode.swift; path = CertifyViewController.swift; sourceTree = "<group>"; };
/* End PBXFileReference section */

/* Begin PBXFrameworksBuildPhase section */
		FAEDAFA52A5593D9004C4E5A /* Frameworks */ = {
			isa = PBXFrameworksBuildPhase;
			buildActionMask = 2147483647;
			files = (
				FAEDAFEA2A559467004C4E5A /* RxSwift in Frameworks */,
				FA8846CE2A77810000051287 /* RxKeyboard in Frameworks */,
				FAEDAFED2A559473004C4E5A /* Alamofire in Frameworks */,
				FA8846F42A77D99700051287 /* FirebaseFirestore in Frameworks */,
				FAEDAFE82A559467004C4E5A /* RxRelay in Frameworks */,
				FA8846F82A77D99700051287 /* FirebaseStorage in Frameworks */,
				FA8846F22A77D99700051287 /* FirebaseAuth in Frameworks */,
				FAEDAFDD2A55943F004C4E5A /* SnapKit in Frameworks */,
				FAEDAFE02A559447004C4E5A /* Then in Frameworks */,
				FAEDAFE62A559467004C4E5A /* RxCocoa in Frameworks */,
				FA8846F62A77D99700051287 /* FirebaseMessaging in Frameworks */,
				FAEDAFE32A559451004C4E5A /* Swinject in Frameworks */,
			);
			runOnlyForDeploymentPostprocessing = 0;
		};
		FAEDAFBB2A5593E5004C4E5A /* Frameworks */ = {
			isa = PBXFrameworksBuildPhase;
			buildActionMask = 2147483647;
			files = (
			);
			runOnlyForDeploymentPostprocessing = 0;
		};
		FAEDAFC52A5593E5004C4E5A /* Frameworks */ = {
			isa = PBXFrameworksBuildPhase;
			buildActionMask = 2147483647;
			files = (
			);
			runOnlyForDeploymentPostprocessing = 0;
		};
/* End PBXFrameworksBuildPhase section */

/* Begin PBXGroup section */
		FA6DE6E82A5ECE1400E80A0D /* Chat */ = {
			isa = PBXGroup;
			children = (
				FA6DE6E92A5ECE2900E80A0D /* ChatListViewController.swift */,
			);
			path = Chat;
			sourceTree = "<group>";
		};
		FA6DE6EB2A5ECE4100E80A0D /* MyCarrot */ = {
			isa = PBXGroup;
			children = (
				FA6DE6EC2A5ECE5600E80A0D /* MyCarrotViewController.swift */,
			);
			path = MyCarrot;
			sourceTree = "<group>";
		};
		FA6DE6F82A6161FC00E80A0D /* Login */ = {
			isa = PBXGroup;
			children = (
				FA8846D22A77876D00051287 /* LoginMain */,
				FA8846D32A77877600051287 /* Login */,
			);
			path = Login;
			sourceTree = "<group>";
		};
		FA6DE6F92A61620600E80A0D /* ViewModel */ = {
			isa = PBXGroup;
			children = (
				FAEEC01C2A6171340016E2A1 /* LoginMainViewModel.swift */,
			);
			path = ViewModel;
			sourceTree = "<group>";
		};
		FA6DE6FA2A61620B00E80A0D /* ViewController */ = {
			isa = PBXGroup;
			children = (
				FA6DE6FC2A61621700E80A0D /* LoginMainViewController.swift */,
			);
			path = ViewController;
			sourceTree = "<group>";
		};
		FA7F00732A72795300FEAB84 /* Protocol */ = {
			isa = PBXGroup;
			children = (
				FA7F00742A72795E00FEAB84 /* AuthDataSourceProtocol.swift */,
				FA8846EE2A77D5BF00051287 /* UserDataSourceProtocol.swift */,
			);
			path = Protocol;
			sourceTree = "<group>";
		};
		FA7F007C2A7280DF00FEAB84 /* Protocol */ = {
			isa = PBXGroup;
			children = (
				FA7F007D2A7280EE00FEAB84 /* KeychainProtocol.swift */,
				FA8846C02A75021100051287 /* KeychainManagerProtocol.swift */,
			);
			path = Protocol;
			sourceTree = "<group>";
		};
		FA8846C62A750A4B00051287 /* Protocol */ = {
			isa = PBXGroup;
			children = (
				FA8846C72A750A5800051287 /* SignInUseCaseProtocol.swift */,
				FACE340B2A78FCB400DFD745 /* EditProfileUseCaseProtocol.swift */,
			);
			path = Protocol;
			sourceTree = "<group>";
		};
		FA8846C92A7535EF00051287 /* DataSource */ = {
			isa = PBXGroup;
			children = (
				FAEDB0052A55997F004C4E5A /* Local */,
				FAEDB0072A559987004C4E5A /* Remote */,
			);
			path = DataSource;
			sourceTree = "<group>";
		};
		FA8846D22A77876D00051287 /* LoginMain */ = {
			isa = PBXGroup;
			children = (
				FA6DE6FA2A61620B00E80A0D /* ViewController */,
				FA6DE6F92A61620600E80A0D /* ViewModel */,
			);
			path = LoginMain;
			sourceTree = "<group>";
		};
		FA8846D32A77877600051287 /* Login */ = {
			isa = PBXGroup;
			children = (
				FA8846DD2A778E1B00051287 /* ViewController */,
				FA8846DC2A778E1600051287 /* ViewModel */,
			);
			path = Login;
			sourceTree = "<group>";
		};
		FA8846D92A778DEA00051287 /* EditProfile */ = {
			isa = PBXGroup;
			children = (
				FACE340D2A79181100DFD745 /* ViewController */,
				FACE340E2A79181700DFD745 /* ViewModel */,
			);
			path = EditProfile;
			sourceTree = "<group>";
		};
		FA8846DC2A778E1600051287 /* ViewModel */ = {
			isa = PBXGroup;
			children = (
				FA8846D72A7787EF00051287 /* LoginViewModel.swift */,
			);
			path = ViewModel;
			sourceTree = "<group>";
		};
		FA8846DD2A778E1B00051287 /* ViewController */ = {
			isa = PBXGroup;
			children = (
				FA8846D42A7787A300051287 /* LoginViewController.swift */,
			);
			path = ViewController;
			sourceTree = "<group>";
		};
		FA8846DE2A7794D900051287 /* Certify */ = {
			isa = PBXGroup;
			children = (
				FA8846E02A7794E800051287 /* ViewController */,
				FA8846DF2A7794E400051287 /* ViewModel */,
			);
			path = Certify;
			sourceTree = "<group>";
		};
		FA8846DF2A7794E400051287 /* ViewModel */ = {
			isa = PBXGroup;
			children = (
				FA7F00682A72261F00FEAB84 /* CertifyViewModel.swift */,
			);
			path = ViewModel;
			sourceTree = "<group>";
		};
		FA8846E02A7794E800051287 /* ViewController */ = {
			isa = PBXGroup;
			children = (
				FAEEC02B2A62A1910016E2A1 /* CertifyViewController.swift */,
			);
			path = ViewController;
			sourceTree = "<group>";
		};
		FA8846E72A77D16200051287 /* DataMapping */ = {
			isa = PBXGroup;
			children = (
				FA8846E82A77D16E00051287 /* UserResponseDTO.swift */,
				FA8846EA2A77D2F700051287 /* UserRequestDTO.swift */,
			);
			path = DataMapping;
			sourceTree = "<group>";
		};
		FACE340D2A79181100DFD745 /* ViewController */ = {
			isa = PBXGroup;
			children = (
				FA8846DA2A778E0800051287 /* EditProfileViewController.swift */,
			);
			path = ViewController;
			sourceTree = "<group>";
		};
		FACE340E2A79181700DFD745 /* ViewModel */ = {
			isa = PBXGroup;
			children = (
				FA8846E32A77B88800051287 /* EditProfileViewModel.swift */,
			);
			path = ViewModel;
			sourceTree = "<group>";
		};
		FAEDAF9F2A5593D9004C4E5A = {
			isa = PBXGroup;
			children = (
				FAEDAFAA2A5593DA004C4E5A /* CarrotClone */,
				FAEDAFC12A5593E5004C4E5A /* CarrotCloneTests */,
				FAEDAFCB2A5593E5004C4E5A /* CarrotCloneUITests */,
				FAEDAFA92A5593DA004C4E5A /* Products */,
			);
			sourceTree = "<group>";
		};
		FAEDAFA92A5593DA004C4E5A /* Products */ = {
			isa = PBXGroup;
			children = (
				FAEDAFA82A5593DA004C4E5A /* CarrotClone.app */,
				FAEDAFBE2A5593E5004C4E5A /* CarrotCloneTests.xctest */,
				FAEDAFC82A5593E5004C4E5A /* CarrotCloneUITests.xctest */,
			);
			name = Products;
			sourceTree = "<group>";
		};
		FAEDAFAA2A5593DA004C4E5A /* CarrotClone */ = {
			isa = PBXGroup;
			children = (
				FA7F006C2A724A0F00FEAB84 /* CarrotClone.entitlements */,
				FAEDB00D2A5599E3004C4E5A /* Resource */,
				FAEDAFF72A559821004C4E5A /* App */,
				FAEDB0042A559972004C4E5A /* Data */,
				FAEDAFF92A55982E004C4E5A /* Domain */,
				FAEDAFFA2A559831004C4E5A /* Presentation */,
				FAEDB01A2A559DDC004C4E5A /* Service */,
				FAEEC0182A616BCE0016E2A1 /* Util */,
			);
			path = CarrotClone;
			sourceTree = "<group>";
		};
		FAEDAFC12A5593E5004C4E5A /* CarrotCloneTests */ = {
			isa = PBXGroup;
			children = (
				FAEDAFC22A5593E5004C4E5A /* CarrotCloneTests.swift */,
			);
			path = CarrotCloneTests;
			sourceTree = "<group>";
		};
		FAEDAFCB2A5593E5004C4E5A /* CarrotCloneUITests */ = {
			isa = PBXGroup;
			children = (
				FAEDAFCC2A5593E5004C4E5A /* CarrotCloneUITests.swift */,
				FAEDAFCE2A5593E5004C4E5A /* CarrotCloneUITestsLaunchTests.swift */,
			);
			path = CarrotCloneUITests;
			sourceTree = "<group>";
		};
		FAEDAFF72A559821004C4E5A /* App */ = {
			isa = PBXGroup;
			children = (
				FAEDAFAB2A5593DA004C4E5A /* AppDelegate.swift */,
				FAEDB00E2A5599F2004C4E5A /* DIContainer.swift */,
				FAEDAFAD2A5593DA004C4E5A /* SceneDelegate.swift */,
			);
			path = App;
			sourceTree = "<group>";
		};
		FAEDAFF92A55982E004C4E5A /* Domain */ = {
			isa = PBXGroup;
			children = (
				FAEDB00A2A55999D004C4E5A /* Repository */,
				FAEDB0092A559998004C4E5A /* Entity */,
				FAEDB00C2A5599AB004C4E5A /* UseCase */,
			);
			path = Domain;
			sourceTree = "<group>";
		};
		FAEDAFFA2A559831004C4E5A /* Presentation */ = {
			isa = PBXGroup;
			children = (
				FAEDAFFB2A55986B004C4E5A /* Common */,
				FA6DE6F82A6161FC00E80A0D /* Login */,
				FA8846DE2A7794D900051287 /* Certify */,
				FAEEC0202A6269120016E2A1 /* Signup */,
				FA8846D92A778DEA00051287 /* EditProfile */,
				FAEDB0002A559914004C4E5A /* Home */,
				FA6DE6E82A5ECE1400E80A0D /* Chat */,
				FA6DE6EB2A5ECE4100E80A0D /* MyCarrot */,
			);
			path = Presentation;
			sourceTree = "<group>";
		};
		FAEDAFFB2A55986B004C4E5A /* Common */ = {
			isa = PBXGroup;
			children = (
				FAEDAFFC2A5598C5004C4E5A /* Coordinator */,
				FAEDAFFF2A559908004C4E5A /* Protocol */,
				FAEDAFFD2A5598D3004C4E5A /* ViewController */,
				FAEDAFFE2A5598F0004C4E5A /* View */,
			);
			path = Common;
			sourceTree = "<group>";
		};
		FAEDAFFC2A5598C5004C4E5A /* Coordinator */ = {
			isa = PBXGroup;
			children = (
				FAEDB0162A559CCB004C4E5A /* BaseCoordinator.swift */,
				FAEDB0182A559CF2004C4E5A /* AppCoordinator.swift */,
				FA6DE6F62A6161A400E80A0D /* LoginMainCoordinator.swift */,
				FA8846D02A7786CD00051287 /* LoginCoordinator.swift */,
				FAEEC01E2A6266730016E2A1 /* SignupCoordinator.swift */,
				FAEEC0292A62A0B10016E2A1 /* CertifyCoordinator.swift */,
				FA6DE6E02A5ECB0400E80A0D /* TabCoordinator.swift */,
				FA6DE6E22A5ECCE000E80A0D /* HomeCoordinator.swift */,
				FA6DE6E42A5ECCE800E80A0D /* ChatCoordinator.swift */,
				FA6DE6E62A5ECCFE00E80A0D /* MyCarrotCoordinator.swift */,
			);
			path = Coordinator;
			sourceTree = "<group>";
		};
		FAEDAFFD2A5598D3004C4E5A /* ViewController */ = {
			isa = PBXGroup;
			children = (
				FAEDB0142A559C34004C4E5A /* ViewController.swift */,
			);
			path = ViewController;
			sourceTree = "<group>";
		};
		FAEDAFFE2A5598F0004C4E5A /* View */ = {
			isa = PBXGroup;
			children = (
				FA8846CA2A777A3C00051287 /* SentMessageAlertView.swift */,
				FA8846E12A779B5900051287 /* ProfileImageView.swift */,
			);
			path = View;
			sourceTree = "<group>";
		};
		FAEDAFFF2A559908004C4E5A /* Protocol */ = {
			isa = PBXGroup;
			children = (
				FAEDB0102A559BA8004C4E5A /* ViewModel.swift */,
				FAEDB0122A559BFD004C4E5A /* Identifiable.swift */,
			);
			path = Protocol;
			sourceTree = "<group>";
		};
		FAEDB0002A559914004C4E5A /* Home */ = {
			isa = PBXGroup;
			children = (
				FAEDB0012A559923004C4E5A /* View */,
				FAEDB0022A559943004C4E5A /* ViewController */,
				FAEDB0032A559948004C4E5A /* ViewModel */,
			);
			path = Home;
			sourceTree = "<group>";
		};
		FAEDB0012A559923004C4E5A /* View */ = {
			isa = PBXGroup;
			children = (
				FA63294C2A56E94D00B8BE01 /* View.swift */,
			);
			path = View;
			sourceTree = "<group>";
		};
		FAEDB0022A559943004C4E5A /* ViewController */ = {
			isa = PBXGroup;
			children = (
				FA63294E2A56E95A00B8BE01 /* HomeViewController.swift */,
			);
			path = ViewController;
			sourceTree = "<group>";
		};
		FAEDB0032A559948004C4E5A /* ViewModel */ = {
			isa = PBXGroup;
			children = (
				FA6329502A56E96100B8BE01 /* HomeViewModel.swift */,
			);
			path = ViewModel;
			sourceTree = "<group>";
		};
		FAEDB0042A559972004C4E5A /* Data */ = {
			isa = PBXGroup;
			children = (
				FA8846E72A77D16200051287 /* DataMapping */,
				FA8846C92A7535EF00051287 /* DataSource */,
				FAEDB0082A559990004C4E5A /* Repository */,
			);
			path = Data;
			sourceTree = "<group>";
		};
		FAEDB0052A55997F004C4E5A /* Local */ = {
			isa = PBXGroup;
			children = (
				FA7F007C2A7280DF00FEAB84 /* Protocol */,
				FA63293C2A56E24E00B8BE01 /* Keychain.swift */,
				FA8846BE2A7501A800051287 /* KeychainManager.swift */,
			);
			path = Local;
			sourceTree = "<group>";
		};
		FAEDB0072A559987004C4E5A /* Remote */ = {
			isa = PBXGroup;
			children = (
				FA7F00732A72795300FEAB84 /* Protocol */,
				FA63293E2A56E26300B8BE01 /* UserDataSource.swift */,
				FA7F006D2A726F6C00FEAB84 /* AuthDataSource.swift */,
			);
			path = Remote;
			sourceTree = "<group>";
		};
		FAEDB0082A559990004C4E5A /* Repository */ = {
			isa = PBXGroup;
			children = (
				FA6329402A56E26900B8BE01 /* UserRepository.swift */,
				FA7F00762A727B4800FEAB84 /* AuthRepository.swift */,
				FA8846C22A75036900051287 /* TokenRepository.swift */,
			);
			path = Repository;
			sourceTree = "<group>";
		};
		FAEDB0092A559998004C4E5A /* Entity */ = {
			isa = PBXGroup;
			children = (
				FA6329442A56E27F00B8BE01 /* User.swift */,
			);
			path = Entity;
			sourceTree = "<group>";
		};
		FAEDB00A2A55999D004C4E5A /* Repository */ = {
			isa = PBXGroup;
			children = (
				FAEDB00B2A5599A3004C4E5A /* Protocol */,
			);
			path = Repository;
			sourceTree = "<group>";
		};
		FAEDB00B2A5599A3004C4E5A /* Protocol */ = {
			isa = PBXGroup;
			children = (
				FA6329422A56E27900B8BE01 /* UserRepositoryProtocol.swift */,
				FA7F00782A727BD900FEAB84 /* AuthRepositoryProtocol.swift */,
				FA8846C42A75063C00051287 /* TokenRepositoryProtocol.swift */,
			);
			path = Protocol;
			sourceTree = "<group>";
		};
		FAEDB00C2A5599AB004C4E5A /* UseCase */ = {
			isa = PBXGroup;
			children = (
				FA8846C62A750A4B00051287 /* Protocol */,
				FA6329462A56E28600B8BE01 /* UserUseCase.swift */,
				FA7F007A2A727DB800FEAB84 /* SignInUseCase.swift */,
				FACE34092A78E84F00DFD745 /* EditProfileUseCase.swift */,
			);
			path = UseCase;
			sourceTree = "<group>";
		};
		FAEDB00D2A5599E3004C4E5A /* Resource */ = {
			isa = PBXGroup;
			children = (
				FAEDAFB62A5593E3004C4E5A /* LaunchScreen.storyboard */,
				FAEDAFB42A5593E1004C4E5A /* Assets.xcassets */,
				FAEDAFB92A5593E3004C4E5A /* Info.plist */,
				FAEDAFF52A55956E004C4E5A /* GoogleService-Info.plist */,
			);
			path = Resource;
			sourceTree = "<group>";
		};
		FAEDB01A2A559DDC004C4E5A /* Service */ = {
			isa = PBXGroup;
			children = (
				FA63294A2A56E29F00B8BE01 /* APIService.swift */,
			);
			path = Service;
			sourceTree = "<group>";
		};
		FAEEC0182A616BCE0016E2A1 /* Util */ = {
			isa = PBXGroup;
			children = (
				FAEEC0192A616BDF0016E2A1 /* Extension */,
			);
			path = Util;
			sourceTree = "<group>";
		};
		FAEEC0192A616BDF0016E2A1 /* Extension */ = {
			isa = PBXGroup;
			children = (
				FAEEC01A2A616BED0016E2A1 /* UIColor+CarrotColor.swift */,
				FA7F006A2A72386700FEAB84 /* UIViewController + RxLifeCycle.swift */,
				FA8846E52A77BD6700051287 /* RxUIViewController + Alert.swift */,
				FAEEC0272A6292730016E2A1 /* UITextField + Rx.swift */,
				FA8846EC2A77D36E00051287 /* Encodable+Dictionary.swift */,
			);
			path = Extension;
			sourceTree = "<group>";
		};
		FAEEC0202A6269120016E2A1 /* Signup */ = {
			isa = PBXGroup;
			children = (
				FAEEC0262A627C2D0016E2A1 /* ViewController */,
				FAEEC0232A627A4E0016E2A1 /* ViewModel */,
			);
			path = Signup;
			sourceTree = "<group>";
		};
		FAEEC0232A627A4E0016E2A1 /* ViewModel */ = {
			isa = PBXGroup;
			children = (
				FAEEC0242A627A5E0016E2A1 /* SignupViewModel.swift */,
			);
			path = ViewModel;
			sourceTree = "<group>";
		};
		FAEEC0262A627C2D0016E2A1 /* ViewController */ = {
			isa = PBXGroup;
			children = (
				FAEEC0212A62694B0016E2A1 /* SignupViewController.swift */,
			);
			path = ViewController;
			sourceTree = "<group>";
		};
/* End PBXGroup section */

/* Begin PBXNativeTarget section */
		FAEDAFA72A5593D9004C4E5A /* CarrotClone */ = {
			isa = PBXNativeTarget;
			buildConfigurationList = FAEDAFD22A5593E5004C4E5A /* Build configuration list for PBXNativeTarget "CarrotClone" */;
			buildPhases = (
				FAEDAFA42A5593D9004C4E5A /* Sources */,
				FAEDAFA52A5593D9004C4E5A /* Frameworks */,
				FAEDAFA62A5593D9004C4E5A /* Resources */,
			);
			buildRules = (
			);
			dependencies = (
			);
			name = CarrotClone;
			packageProductDependencies = (
				FAEDAFDC2A55943F004C4E5A /* SnapKit */,
				FAEDAFDF2A559447004C4E5A /* Then */,
				FAEDAFE22A559451004C4E5A /* Swinject */,
				FAEDAFE52A559467004C4E5A /* RxCocoa */,
				FAEDAFE72A559467004C4E5A /* RxRelay */,
				FAEDAFE92A559467004C4E5A /* RxSwift */,
				FAEDAFEC2A559473004C4E5A /* Alamofire */,
				FA8846CD2A77810000051287 /* RxKeyboard */,
				FA8846F12A77D99700051287 /* FirebaseAuth */,
				FA8846F32A77D99700051287 /* FirebaseFirestore */,
				FA8846F52A77D99700051287 /* FirebaseMessaging */,
				FA8846F72A77D99700051287 /* FirebaseStorage */,
			);
			productName = CarrotClone;
			productReference = FAEDAFA82A5593DA004C4E5A /* CarrotClone.app */;
			productType = "com.apple.product-type.application";
		};
		FAEDAFBD2A5593E5004C4E5A /* CarrotCloneTests */ = {
			isa = PBXNativeTarget;
			buildConfigurationList = FAEDAFD52A5593E5004C4E5A /* Build configuration list for PBXNativeTarget "CarrotCloneTests" */;
			buildPhases = (
				FAEDAFBA2A5593E5004C4E5A /* Sources */,
				FAEDAFBB2A5593E5004C4E5A /* Frameworks */,
				FAEDAFBC2A5593E5004C4E5A /* Resources */,
			);
			buildRules = (
			);
			dependencies = (
				FAEDAFC02A5593E5004C4E5A /* PBXTargetDependency */,
			);
			name = CarrotCloneTests;
			productName = CarrotCloneTests;
			productReference = FAEDAFBE2A5593E5004C4E5A /* CarrotCloneTests.xctest */;
			productType = "com.apple.product-type.bundle.unit-test";
		};
		FAEDAFC72A5593E5004C4E5A /* CarrotCloneUITests */ = {
			isa = PBXNativeTarget;
			buildConfigurationList = FAEDAFD82A5593E5004C4E5A /* Build configuration list for PBXNativeTarget "CarrotCloneUITests" */;
			buildPhases = (
				FAEDAFC42A5593E5004C4E5A /* Sources */,
				FAEDAFC52A5593E5004C4E5A /* Frameworks */,
				FAEDAFC62A5593E5004C4E5A /* Resources */,
			);
			buildRules = (
			);
			dependencies = (
				FAEDAFCA2A5593E5004C4E5A /* PBXTargetDependency */,
			);
			name = CarrotCloneUITests;
			productName = CarrotCloneUITests;
			productReference = FAEDAFC82A5593E5004C4E5A /* CarrotCloneUITests.xctest */;
			productType = "com.apple.product-type.bundle.ui-testing";
		};
/* End PBXNativeTarget section */

/* Begin PBXProject section */
		FAEDAFA02A5593D9004C4E5A /* Project object */ = {
			isa = PBXProject;
			attributes = {
				BuildIndependentTargetsInParallel = 1;
				LastSwiftUpdateCheck = 1430;
				LastUpgradeCheck = 1430;
				TargetAttributes = {
					FAEDAFA72A5593D9004C4E5A = {
						CreatedOnToolsVersion = 14.3.1;
					};
					FAEDAFBD2A5593E5004C4E5A = {
						CreatedOnToolsVersion = 14.3.1;
						TestTargetID = FAEDAFA72A5593D9004C4E5A;
					};
					FAEDAFC72A5593E5004C4E5A = {
						CreatedOnToolsVersion = 14.3.1;
						TestTargetID = FAEDAFA72A5593D9004C4E5A;
					};
				};
			};
			buildConfigurationList = FAEDAFA32A5593D9004C4E5A /* Build configuration list for PBXProject "CarrotClone" */;
			compatibilityVersion = "Xcode 14.0";
			developmentRegion = en;
			hasScannedForEncodings = 0;
			knownRegions = (
				en,
				Base,
			);
			mainGroup = FAEDAF9F2A5593D9004C4E5A;
			packageReferences = (
				FAEDAFDB2A55943E004C4E5A /* XCRemoteSwiftPackageReference "SnapKit" */,
				FAEDAFDE2A559447004C4E5A /* XCRemoteSwiftPackageReference "Then" */,
				FAEDAFE12A559451004C4E5A /* XCRemoteSwiftPackageReference "Swinject" */,
				FAEDAFE42A559467004C4E5A /* XCRemoteSwiftPackageReference "RxSwift" */,
				FAEDAFEB2A559473004C4E5A /* XCRemoteSwiftPackageReference "Alamofire" */,
				FA8846CC2A77810000051287 /* XCRemoteSwiftPackageReference "RxKeyboard" */,
				FA8846F02A77D99700051287 /* XCRemoteSwiftPackageReference "firebase-ios-sdk" */,
			);
			productRefGroup = FAEDAFA92A5593DA004C4E5A /* Products */;
			projectDirPath = "";
			projectRoot = "";
			targets = (
				FAEDAFA72A5593D9004C4E5A /* CarrotClone */,
				FAEDAFBD2A5593E5004C4E5A /* CarrotCloneTests */,
				FAEDAFC72A5593E5004C4E5A /* CarrotCloneUITests */,
			);
		};
/* End PBXProject section */

/* Begin PBXResourcesBuildPhase section */
		FAEDAFA62A5593D9004C4E5A /* Resources */ = {
			isa = PBXResourcesBuildPhase;
			buildActionMask = 2147483647;
			files = (
				FAEDAFB82A5593E3004C4E5A /* LaunchScreen.storyboard in Resources */,
				FAEDAFF62A55956E004C4E5A /* GoogleService-Info.plist in Resources */,
				FAEDAFB52A5593E1004C4E5A /* Assets.xcassets in Resources */,
			);
			runOnlyForDeploymentPostprocessing = 0;
		};
		FAEDAFBC2A5593E5004C4E5A /* Resources */ = {
			isa = PBXResourcesBuildPhase;
			buildActionMask = 2147483647;
			files = (
			);
			runOnlyForDeploymentPostprocessing = 0;
		};
		FAEDAFC62A5593E5004C4E5A /* Resources */ = {
			isa = PBXResourcesBuildPhase;
			buildActionMask = 2147483647;
			files = (
			);
			runOnlyForDeploymentPostprocessing = 0;
		};
/* End PBXResourcesBuildPhase section */

/* Begin PBXSourcesBuildPhase section */
		FAEDAFA42A5593D9004C4E5A /* Sources */ = {
			isa = PBXSourcesBuildPhase;
			buildActionMask = 2147483647;
			files = (
				FAEEC0252A627A5E0016E2A1 /* SignupViewModel.swift in Sources */,
				FA8846C52A75063C00051287 /* TokenRepositoryProtocol.swift in Sources */,
				FA7F006B2A72386700FEAB84 /* UIViewController + RxLifeCycle.swift in Sources */,
				FA6329452A56E27F00B8BE01 /* User.swift in Sources */,
				FA6329412A56E26900B8BE01 /* UserRepository.swift in Sources */,
				FA6DE6E52A5ECCE800E80A0D /* ChatCoordinator.swift in Sources */,
				FA8846C32A75036900051287 /* TokenRepository.swift in Sources */,
				FA7F006E2A726F6C00FEAB84 /* AuthDataSource.swift in Sources */,
				FA8846D82A7787EF00051287 /* LoginViewModel.swift in Sources */,
				FAEDB0112A559BA8004C4E5A /* ViewModel.swift in Sources */,
				FA6DE6F72A6161A400E80A0D /* LoginMainCoordinator.swift in Sources */,
				FAEEC01D2A6171340016E2A1 /* LoginMainViewModel.swift in Sources */,
				FA8846CB2A777A3C00051287 /* SentMessageAlertView.swift in Sources */,
				FAEDB0132A559BFD004C4E5A /* Identifiable.swift in Sources */,
				FA63294D2A56E94D00B8BE01 /* View.swift in Sources */,
				FA8846E62A77BD6700051287 /* RxUIViewController + Alert.swift in Sources */,
				FA6DE6E32A5ECCE000E80A0D /* HomeCoordinator.swift in Sources */,
				FA7F007E2A7280EE00FEAB84 /* KeychainProtocol.swift in Sources */,
				FAEDB00F2A5599F2004C4E5A /* DIContainer.swift in Sources */,
				FA63293F2A56E26300B8BE01 /* UserDataSource.swift in Sources */,
				FA63294B2A56E29F00B8BE01 /* APIService.swift in Sources */,
				FA8846E92A77D16E00051287 /* UserResponseDTO.swift in Sources */,
				FA6DE6EA2A5ECE2900E80A0D /* ChatListViewController.swift in Sources */,
				FAEDB0152A559C34004C4E5A /* ViewController.swift in Sources */,
				FAEDB0192A559CF2004C4E5A /* AppCoordinator.swift in Sources */,
				FA6DE6E12A5ECB0400E80A0D /* TabCoordinator.swift in Sources */,
				FA8846E42A77B88800051287 /* EditProfileViewModel.swift in Sources */,
				FA6329472A56E28600B8BE01 /* UserUseCase.swift in Sources */,
				FA6329512A56E96100B8BE01 /* HomeViewModel.swift in Sources */,
				FA7F00752A72795E00FEAB84 /* AuthDataSourceProtocol.swift in Sources */,
				FACE340C2A78FCB400DFD745 /* EditProfileUseCaseProtocol.swift in Sources */,
				FAEEC01F2A6266730016E2A1 /* SignupCoordinator.swift in Sources */,
				FA8846EF2A77D5BF00051287 /* UserDataSourceProtocol.swift in Sources */,
				FA7F007B2A727DB800FEAB84 /* SignInUseCase.swift in Sources */,
				FA6DE6E72A5ECCFE00E80A0D /* MyCarrotCoordinator.swift in Sources */,
				FAEEC02A2A62A0B10016E2A1 /* CertifyCoordinator.swift in Sources */,
				FA8846EB2A77D2F700051287 /* UserRequestDTO.swift in Sources */,
				FA8846D52A7787A300051287 /* LoginViewController.swift in Sources */,
				FAEEC02C2A62A1910016E2A1 /* CertifyViewController.swift in Sources */,
				FA8846DB2A778E0800051287 /* EditProfileViewController.swift in Sources */,
				FAEEC01B2A616BED0016E2A1 /* UIColor+CarrotColor.swift in Sources */,
				FA63293D2A56E24E00B8BE01 /* Keychain.swift in Sources */,
				FA63294F2A56E95A00B8BE01 /* HomeViewController.swift in Sources */,
				FA8846ED2A77D36E00051287 /* Encodable+Dictionary.swift in Sources */,
				FA6329432A56E27900B8BE01 /* UserRepositoryProtocol.swift in Sources */,
				FA6DE6FD2A61621700E80A0D /* LoginMainViewController.swift in Sources */,
				FA6DE6ED2A5ECE5600E80A0D /* MyCarrotViewController.swift in Sources */,
				FA8846C12A75021100051287 /* KeychainManagerProtocol.swift in Sources */,
				FAEEC0282A6292740016E2A1 /* UITextField + Rx.swift in Sources */,
				FA8846E22A779B5900051287 /* ProfileImageView.swift in Sources */,
				FA7F00772A727B4800FEAB84 /* AuthRepository.swift in Sources */,
				FAEDB0172A559CCB004C4E5A /* BaseCoordinator.swift in Sources */,
				FA7F00692A72261F00FEAB84 /* CertifyViewModel.swift in Sources */,
				FA8846D12A7786CD00051287 /* LoginCoordinator.swift in Sources */,
				FA8846C82A750A5800051287 /* SignInUseCaseProtocol.swift in Sources */,
				FAEEC0222A62694B0016E2A1 /* SignupViewController.swift in Sources */,
				FA8846BF2A7501A800051287 /* KeychainManager.swift in Sources */,
				FA7F00792A727BD900FEAB84 /* AuthRepositoryProtocol.swift in Sources */,
				FAEDAFAC2A5593DA004C4E5A /* AppDelegate.swift in Sources */,
				FAEDAFAE2A5593DA004C4E5A /* SceneDelegate.swift in Sources */,
				FACE340A2A78E84F00DFD745 /* EditProfileUseCase.swift in Sources */,
			);
			runOnlyForDeploymentPostprocessing = 0;
		};
		FAEDAFBA2A5593E5004C4E5A /* Sources */ = {
			isa = PBXSourcesBuildPhase;
			buildActionMask = 2147483647;
			files = (
				FAEDAFC32A5593E5004C4E5A /* CarrotCloneTests.swift in Sources */,
			);
			runOnlyForDeploymentPostprocessing = 0;
		};
		FAEDAFC42A5593E5004C4E5A /* Sources */ = {
			isa = PBXSourcesBuildPhase;
			buildActionMask = 2147483647;
			files = (
				FAEDAFCD2A5593E5004C4E5A /* CarrotCloneUITests.swift in Sources */,
				FAEDAFCF2A5593E5004C4E5A /* CarrotCloneUITestsLaunchTests.swift in Sources */,
			);
			runOnlyForDeploymentPostprocessing = 0;
		};
/* End PBXSourcesBuildPhase section */

/* Begin PBXTargetDependency section */
		FAEDAFC02A5593E5004C4E5A /* PBXTargetDependency */ = {
			isa = PBXTargetDependency;
			target = FAEDAFA72A5593D9004C4E5A /* CarrotClone */;
			targetProxy = FAEDAFBF2A5593E5004C4E5A /* PBXContainerItemProxy */;
		};
		FAEDAFCA2A5593E5004C4E5A /* PBXTargetDependency */ = {
			isa = PBXTargetDependency;
			target = FAEDAFA72A5593D9004C4E5A /* CarrotClone */;
			targetProxy = FAEDAFC92A5593E5004C4E5A /* PBXContainerItemProxy */;
		};
/* End PBXTargetDependency section */

/* Begin PBXVariantGroup section */
		FAEDAFB62A5593E3004C4E5A /* LaunchScreen.storyboard */ = {
			isa = PBXVariantGroup;
			children = (
				FAEDAFB72A5593E3004C4E5A /* Base */,
			);
			name = LaunchScreen.storyboard;
			sourceTree = "<group>";
		};
/* End PBXVariantGroup section */

/* Begin XCBuildConfiguration section */
		FAEDAFD02A5593E5004C4E5A /* Debug */ = {
			isa = XCBuildConfiguration;
			buildSettings = {
				ALWAYS_SEARCH_USER_PATHS = NO;
				CLANG_ANALYZER_NONNULL = YES;
				CLANG_ANALYZER_NUMBER_OBJECT_CONVERSION = YES_AGGRESSIVE;
				CLANG_CXX_LANGUAGE_STANDARD = "gnu++20";
				CLANG_ENABLE_MODULES = YES;
				CLANG_ENABLE_OBJC_ARC = YES;
				CLANG_ENABLE_OBJC_WEAK = YES;
				CLANG_WARN_BLOCK_CAPTURE_AUTORELEASING = YES;
				CLANG_WARN_BOOL_CONVERSION = YES;
				CLANG_WARN_COMMA = YES;
				CLANG_WARN_CONSTANT_CONVERSION = YES;
				CLANG_WARN_DEPRECATED_OBJC_IMPLEMENTATIONS = YES;
				CLANG_WARN_DIRECT_OBJC_ISA_USAGE = YES_ERROR;
				CLANG_WARN_DOCUMENTATION_COMMENTS = YES;
				CLANG_WARN_EMPTY_BODY = YES;
				CLANG_WARN_ENUM_CONVERSION = YES;
				CLANG_WARN_INFINITE_RECURSION = YES;
				CLANG_WARN_INT_CONVERSION = YES;
				CLANG_WARN_NON_LITERAL_NULL_CONVERSION = YES;
				CLANG_WARN_OBJC_IMPLICIT_RETAIN_SELF = YES;
				CLANG_WARN_OBJC_LITERAL_CONVERSION = YES;
				CLANG_WARN_OBJC_ROOT_CLASS = YES_ERROR;
				CLANG_WARN_QUOTED_INCLUDE_IN_FRAMEWORK_HEADER = YES;
				CLANG_WARN_RANGE_LOOP_ANALYSIS = YES;
				CLANG_WARN_STRICT_PROTOTYPES = YES;
				CLANG_WARN_SUSPICIOUS_MOVE = YES;
				CLANG_WARN_UNGUARDED_AVAILABILITY = YES_AGGRESSIVE;
				CLANG_WARN_UNREACHABLE_CODE = YES;
				CLANG_WARN__DUPLICATE_METHOD_MATCH = YES;
				COPY_PHASE_STRIP = NO;
				DEBUG_INFORMATION_FORMAT = dwarf;
				ENABLE_STRICT_OBJC_MSGSEND = YES;
				ENABLE_TESTABILITY = YES;
				GCC_C_LANGUAGE_STANDARD = gnu11;
				GCC_DYNAMIC_NO_PIC = NO;
				GCC_NO_COMMON_BLOCKS = YES;
				GCC_OPTIMIZATION_LEVEL = 0;
				GCC_PREPROCESSOR_DEFINITIONS = (
					"DEBUG=1",
					"$(inherited)",
				);
				GCC_WARN_64_TO_32_BIT_CONVERSION = YES;
				GCC_WARN_ABOUT_RETURN_TYPE = YES_ERROR;
				GCC_WARN_UNDECLARED_SELECTOR = YES;
				GCC_WARN_UNINITIALIZED_AUTOS = YES_AGGRESSIVE;
				GCC_WARN_UNUSED_FUNCTION = YES;
				GCC_WARN_UNUSED_VARIABLE = YES;
				IPHONEOS_DEPLOYMENT_TARGET = 16.4;
				MTL_ENABLE_DEBUG_INFO = INCLUDE_SOURCE;
				MTL_FAST_MATH = YES;
				ONLY_ACTIVE_ARCH = YES;
				SDKROOT = iphoneos;
				SWIFT_ACTIVE_COMPILATION_CONDITIONS = DEBUG;
				SWIFT_OPTIMIZATION_LEVEL = "-Onone";
			};
			name = Debug;
		};
		FAEDAFD12A5593E5004C4E5A /* Release */ = {
			isa = XCBuildConfiguration;
			buildSettings = {
				ALWAYS_SEARCH_USER_PATHS = NO;
				CLANG_ANALYZER_NONNULL = YES;
				CLANG_ANALYZER_NUMBER_OBJECT_CONVERSION = YES_AGGRESSIVE;
				CLANG_CXX_LANGUAGE_STANDARD = "gnu++20";
				CLANG_ENABLE_MODULES = YES;
				CLANG_ENABLE_OBJC_ARC = YES;
				CLANG_ENABLE_OBJC_WEAK = YES;
				CLANG_WARN_BLOCK_CAPTURE_AUTORELEASING = YES;
				CLANG_WARN_BOOL_CONVERSION = YES;
				CLANG_WARN_COMMA = YES;
				CLANG_WARN_CONSTANT_CONVERSION = YES;
				CLANG_WARN_DEPRECATED_OBJC_IMPLEMENTATIONS = YES;
				CLANG_WARN_DIRECT_OBJC_ISA_USAGE = YES_ERROR;
				CLANG_WARN_DOCUMENTATION_COMMENTS = YES;
				CLANG_WARN_EMPTY_BODY = YES;
				CLANG_WARN_ENUM_CONVERSION = YES;
				CLANG_WARN_INFINITE_RECURSION = YES;
				CLANG_WARN_INT_CONVERSION = YES;
				CLANG_WARN_NON_LITERAL_NULL_CONVERSION = YES;
				CLANG_WARN_OBJC_IMPLICIT_RETAIN_SELF = YES;
				CLANG_WARN_OBJC_LITERAL_CONVERSION = YES;
				CLANG_WARN_OBJC_ROOT_CLASS = YES_ERROR;
				CLANG_WARN_QUOTED_INCLUDE_IN_FRAMEWORK_HEADER = YES;
				CLANG_WARN_RANGE_LOOP_ANALYSIS = YES;
				CLANG_WARN_STRICT_PROTOTYPES = YES;
				CLANG_WARN_SUSPICIOUS_MOVE = YES;
				CLANG_WARN_UNGUARDED_AVAILABILITY = YES_AGGRESSIVE;
				CLANG_WARN_UNREACHABLE_CODE = YES;
				CLANG_WARN__DUPLICATE_METHOD_MATCH = YES;
				COPY_PHASE_STRIP = NO;
				DEBUG_INFORMATION_FORMAT = "dwarf-with-dsym";
				ENABLE_NS_ASSERTIONS = NO;
				ENABLE_STRICT_OBJC_MSGSEND = YES;
				GCC_C_LANGUAGE_STANDARD = gnu11;
				GCC_NO_COMMON_BLOCKS = YES;
				GCC_WARN_64_TO_32_BIT_CONVERSION = YES;
				GCC_WARN_ABOUT_RETURN_TYPE = YES_ERROR;
				GCC_WARN_UNDECLARED_SELECTOR = YES;
				GCC_WARN_UNINITIALIZED_AUTOS = YES_AGGRESSIVE;
				GCC_WARN_UNUSED_FUNCTION = YES;
				GCC_WARN_UNUSED_VARIABLE = YES;
				IPHONEOS_DEPLOYMENT_TARGET = 16.4;
				MTL_ENABLE_DEBUG_INFO = NO;
				MTL_FAST_MATH = YES;
				SDKROOT = iphoneos;
				SWIFT_COMPILATION_MODE = wholemodule;
				SWIFT_OPTIMIZATION_LEVEL = "-O";
				VALIDATE_PRODUCT = YES;
			};
			name = Release;
		};
		FAEDAFD32A5593E5004C4E5A /* Debug */ = {
			isa = XCBuildConfiguration;
			buildSettings = {
				ASSETCATALOG_COMPILER_APPICON_NAME = AppIcon;
				ASSETCATALOG_COMPILER_GLOBAL_ACCENT_COLOR_NAME = AccentColor;
				CODE_SIGN_ENTITLEMENTS = CarrotClone/CarrotClone.entitlements;
				CODE_SIGN_STYLE = Automatic;
				CURRENT_PROJECT_VERSION = 1;
				DEVELOPMENT_TEAM = 5QNWYK9LQY;
				GENERATE_INFOPLIST_FILE = YES;
				INFOPLIST_FILE = CarrotClone/Resource/Info.plist;
				INFOPLIST_KEY_UIApplicationSupportsIndirectInputEvents = YES;
				INFOPLIST_KEY_UILaunchStoryboardName = LaunchScreen;
				INFOPLIST_KEY_UISupportedInterfaceOrientations_iPad = "UIInterfaceOrientationPortrait UIInterfaceOrientationPortraitUpsideDown UIInterfaceOrientationLandscapeLeft UIInterfaceOrientationLandscapeRight";
				INFOPLIST_KEY_UISupportedInterfaceOrientations_iPhone = "UIInterfaceOrientationPortrait UIInterfaceOrientationLandscapeLeft UIInterfaceOrientationLandscapeRight";
				IPHONEOS_DEPLOYMENT_TARGET = 15.0;
				LD_RUNPATH_SEARCH_PATHS = (
					"$(inherited)",
					"@executable_path/Frameworks",
				);
				MARKETING_VERSION = 1.0;
				PRODUCT_BUNDLE_IDENTIFIER = com.clamp.CarrotClone;
				PRODUCT_NAME = "$(TARGET_NAME)";
				SWIFT_EMIT_LOC_STRINGS = YES;
				SWIFT_VERSION = 5.0;
				TARGETED_DEVICE_FAMILY = "1,2";
			};
			name = Debug;
		};
		FAEDAFD42A5593E5004C4E5A /* Release */ = {
			isa = XCBuildConfiguration;
			buildSettings = {
				ASSETCATALOG_COMPILER_APPICON_NAME = AppIcon;
				ASSETCATALOG_COMPILER_GLOBAL_ACCENT_COLOR_NAME = AccentColor;
				CODE_SIGN_ENTITLEMENTS = CarrotClone/CarrotClone.entitlements;
				CODE_SIGN_STYLE = Automatic;
				CURRENT_PROJECT_VERSION = 1;
				DEVELOPMENT_TEAM = 5QNWYK9LQY;
				GENERATE_INFOPLIST_FILE = YES;
				INFOPLIST_FILE = CarrotClone/Resource/Info.plist;
				INFOPLIST_KEY_UIApplicationSupportsIndirectInputEvents = YES;
				INFOPLIST_KEY_UILaunchStoryboardName = LaunchScreen;
				INFOPLIST_KEY_UISupportedInterfaceOrientations_iPad = "UIInterfaceOrientationPortrait UIInterfaceOrientationPortraitUpsideDown UIInterfaceOrientationLandscapeLeft UIInterfaceOrientationLandscapeRight";
				INFOPLIST_KEY_UISupportedInterfaceOrientations_iPhone = "UIInterfaceOrientationPortrait UIInterfaceOrientationLandscapeLeft UIInterfaceOrientationLandscapeRight";
				IPHONEOS_DEPLOYMENT_TARGET = 15.0;
				LD_RUNPATH_SEARCH_PATHS = (
					"$(inherited)",
					"@executable_path/Frameworks",
				);
				MARKETING_VERSION = 1.0;
				PRODUCT_BUNDLE_IDENTIFIER = com.clamp.CarrotClone;
				PRODUCT_NAME = "$(TARGET_NAME)";
				SWIFT_EMIT_LOC_STRINGS = YES;
				SWIFT_VERSION = 5.0;
				TARGETED_DEVICE_FAMILY = "1,2";
			};
			name = Release;
		};
		FAEDAFD62A5593E5004C4E5A /* Debug */ = {
			isa = XCBuildConfiguration;
			buildSettings = {
				ALWAYS_EMBED_SWIFT_STANDARD_LIBRARIES = YES;
				BUNDLE_LOADER = "$(TEST_HOST)";
				CODE_SIGN_STYLE = Automatic;
				CURRENT_PROJECT_VERSION = 1;
				DEVELOPMENT_TEAM = 5QNWYK9LQY;
				GENERATE_INFOPLIST_FILE = YES;
				IPHONEOS_DEPLOYMENT_TARGET = 16.4;
				MARKETING_VERSION = 1.0;
				PRODUCT_BUNDLE_IDENTIFIER = com.clamp.CarrotCloneTests;
				PRODUCT_NAME = "$(TARGET_NAME)";
				SWIFT_EMIT_LOC_STRINGS = NO;
				SWIFT_VERSION = 5.0;
				TARGETED_DEVICE_FAMILY = "1,2";
				TEST_HOST = "$(BUILT_PRODUCTS_DIR)/CarrotClone.app/$(BUNDLE_EXECUTABLE_FOLDER_PATH)/CarrotClone";
			};
			name = Debug;
		};
		FAEDAFD72A5593E5004C4E5A /* Release */ = {
			isa = XCBuildConfiguration;
			buildSettings = {
				ALWAYS_EMBED_SWIFT_STANDARD_LIBRARIES = YES;
				BUNDLE_LOADER = "$(TEST_HOST)";
				CODE_SIGN_STYLE = Automatic;
				CURRENT_PROJECT_VERSION = 1;
				DEVELOPMENT_TEAM = 5QNWYK9LQY;
				GENERATE_INFOPLIST_FILE = YES;
				IPHONEOS_DEPLOYMENT_TARGET = 16.4;
				MARKETING_VERSION = 1.0;
				PRODUCT_BUNDLE_IDENTIFIER = com.clamp.CarrotCloneTests;
				PRODUCT_NAME = "$(TARGET_NAME)";
				SWIFT_EMIT_LOC_STRINGS = NO;
				SWIFT_VERSION = 5.0;
				TARGETED_DEVICE_FAMILY = "1,2";
				TEST_HOST = "$(BUILT_PRODUCTS_DIR)/CarrotClone.app/$(BUNDLE_EXECUTABLE_FOLDER_PATH)/CarrotClone";
			};
			name = Release;
		};
		FAEDAFD92A5593E5004C4E5A /* Debug */ = {
			isa = XCBuildConfiguration;
			buildSettings = {
				ALWAYS_EMBED_SWIFT_STANDARD_LIBRARIES = YES;
				CODE_SIGN_STYLE = Automatic;
				CURRENT_PROJECT_VERSION = 1;
				DEVELOPMENT_TEAM = 5QNWYK9LQY;
				GENERATE_INFOPLIST_FILE = YES;
				MARKETING_VERSION = 1.0;
				PRODUCT_BUNDLE_IDENTIFIER = com.clamp.CarrotCloneUITests;
				PRODUCT_NAME = "$(TARGET_NAME)";
				SWIFT_EMIT_LOC_STRINGS = NO;
				SWIFT_VERSION = 5.0;
				TARGETED_DEVICE_FAMILY = "1,2";
				TEST_TARGET_NAME = CarrotClone;
			};
			name = Debug;
		};
		FAEDAFDA2A5593E5004C4E5A /* Release */ = {
			isa = XCBuildConfiguration;
			buildSettings = {
				ALWAYS_EMBED_SWIFT_STANDARD_LIBRARIES = YES;
				CODE_SIGN_STYLE = Automatic;
				CURRENT_PROJECT_VERSION = 1;
				DEVELOPMENT_TEAM = 5QNWYK9LQY;
				GENERATE_INFOPLIST_FILE = YES;
				MARKETING_VERSION = 1.0;
				PRODUCT_BUNDLE_IDENTIFIER = com.clamp.CarrotCloneUITests;
				PRODUCT_NAME = "$(TARGET_NAME)";
				SWIFT_EMIT_LOC_STRINGS = NO;
				SWIFT_VERSION = 5.0;
				TARGETED_DEVICE_FAMILY = "1,2";
				TEST_TARGET_NAME = CarrotClone;
			};
			name = Release;
		};
/* End XCBuildConfiguration section */

/* Begin XCConfigurationList section */
		FAEDAFA32A5593D9004C4E5A /* Build configuration list for PBXProject "CarrotClone" */ = {
			isa = XCConfigurationList;
			buildConfigurations = (
				FAEDAFD02A5593E5004C4E5A /* Debug */,
				FAEDAFD12A5593E5004C4E5A /* Release */,
			);
			defaultConfigurationIsVisible = 0;
			defaultConfigurationName = Release;
		};
		FAEDAFD22A5593E5004C4E5A /* Build configuration list for PBXNativeTarget "CarrotClone" */ = {
			isa = XCConfigurationList;
			buildConfigurations = (
				FAEDAFD32A5593E5004C4E5A /* Debug */,
				FAEDAFD42A5593E5004C4E5A /* Release */,
			);
			defaultConfigurationIsVisible = 0;
			defaultConfigurationName = Release;
		};
		FAEDAFD52A5593E5004C4E5A /* Build configuration list for PBXNativeTarget "CarrotCloneTests" */ = {
			isa = XCConfigurationList;
			buildConfigurations = (
				FAEDAFD62A5593E5004C4E5A /* Debug */,
				FAEDAFD72A5593E5004C4E5A /* Release */,
			);
			defaultConfigurationIsVisible = 0;
			defaultConfigurationName = Release;
		};
		FAEDAFD82A5593E5004C4E5A /* Build configuration list for PBXNativeTarget "CarrotCloneUITests" */ = {
			isa = XCConfigurationList;
			buildConfigurations = (
				FAEDAFD92A5593E5004C4E5A /* Debug */,
				FAEDAFDA2A5593E5004C4E5A /* Release */,
			);
			defaultConfigurationIsVisible = 0;
			defaultConfigurationName = Release;
		};
/* End XCConfigurationList section */

/* Begin XCRemoteSwiftPackageReference section */
		FA8846CC2A77810000051287 /* XCRemoteSwiftPackageReference "RxKeyboard" */ = {
			isa = XCRemoteSwiftPackageReference;
			repositoryURL = "https://github.com/RxSwiftCommunity/RxKeyboard";
			requirement = {
				kind = upToNextMajorVersion;
				minimumVersion = 2.0.0;
			};
		};
		FA8846F02A77D99700051287 /* XCRemoteSwiftPackageReference "firebase-ios-sdk" */ = {
			isa = XCRemoteSwiftPackageReference;
			repositoryURL = "https://github.com/firebase/firebase-ios-sdk";
			requirement = {
				kind = upToNextMajorVersion;
				minimumVersion = 10.0.0;
			};
		};
		FAEDAFDB2A55943E004C4E5A /* XCRemoteSwiftPackageReference "SnapKit" */ = {
			isa = XCRemoteSwiftPackageReference;
			repositoryURL = "https://github.com/SnapKit/SnapKit";
			requirement = {
				kind = upToNextMajorVersion;
				minimumVersion = 5.0.0;
			};
		};
		FAEDAFDE2A559447004C4E5A /* XCRemoteSwiftPackageReference "Then" */ = {
			isa = XCRemoteSwiftPackageReference;
			repositoryURL = "https://github.com/devxoul/Then";
			requirement = {
				kind = upToNextMajorVersion;
				minimumVersion = 3.0.0;
			};
		};
		FAEDAFE12A559451004C4E5A /* XCRemoteSwiftPackageReference "Swinject" */ = {
			isa = XCRemoteSwiftPackageReference;
			repositoryURL = "https://github.com/Swinject/Swinject";
			requirement = {
				kind = upToNextMajorVersion;
				minimumVersion = 2.0.0;
			};
		};
		FAEDAFE42A559467004C4E5A /* XCRemoteSwiftPackageReference "RxSwift" */ = {
			isa = XCRemoteSwiftPackageReference;
			repositoryURL = "https://github.com/ReactiveX/RxSwift";
			requirement = {
				kind = upToNextMajorVersion;
				minimumVersion = 6.0.0;
			};
		};
		FAEDAFEB2A559473004C4E5A /* XCRemoteSwiftPackageReference "Alamofire" */ = {
			isa = XCRemoteSwiftPackageReference;
			repositoryURL = "https://github.com/Alamofire/Alamofire";
			requirement = {
				kind = upToNextMajorVersion;
				minimumVersion = 5.0.0;
			};
		};
/* End XCRemoteSwiftPackageReference section */

/* Begin XCSwiftPackageProductDependency section */
		FA8846CD2A77810000051287 /* RxKeyboard */ = {
			isa = XCSwiftPackageProductDependency;
			package = FA8846CC2A77810000051287 /* XCRemoteSwiftPackageReference "RxKeyboard" */;
			productName = RxKeyboard;
		};
		FA8846F12A77D99700051287 /* FirebaseAuth */ = {
			isa = XCSwiftPackageProductDependency;
			package = FA8846F02A77D99700051287 /* XCRemoteSwiftPackageReference "firebase-ios-sdk" */;
			productName = FirebaseAuth;
		};
		FA8846F32A77D99700051287 /* FirebaseFirestore */ = {
			isa = XCSwiftPackageProductDependency;
			package = FA8846F02A77D99700051287 /* XCRemoteSwiftPackageReference "firebase-ios-sdk" */;
			productName = FirebaseFirestore;
		};
		FA8846F52A77D99700051287 /* FirebaseMessaging */ = {
			isa = XCSwiftPackageProductDependency;
			package = FA8846F02A77D99700051287 /* XCRemoteSwiftPackageReference "firebase-ios-sdk" */;
			productName = FirebaseMessaging;
		};
		FA8846F72A77D99700051287 /* FirebaseStorage */ = {
			isa = XCSwiftPackageProductDependency;
			package = FA8846F02A77D99700051287 /* XCRemoteSwiftPackageReference "firebase-ios-sdk" */;
			productName = FirebaseStorage;
		};
		FAEDAFDC2A55943F004C4E5A /* SnapKit */ = {
			isa = XCSwiftPackageProductDependency;
			package = FAEDAFDB2A55943E004C4E5A /* XCRemoteSwiftPackageReference "SnapKit" */;
			productName = SnapKit;
		};
		FAEDAFDF2A559447004C4E5A /* Then */ = {
			isa = XCSwiftPackageProductDependency;
			package = FAEDAFDE2A559447004C4E5A /* XCRemoteSwiftPackageReference "Then" */;
			productName = Then;
		};
		FAEDAFE22A559451004C4E5A /* Swinject */ = {
			isa = XCSwiftPackageProductDependency;
			package = FAEDAFE12A559451004C4E5A /* XCRemoteSwiftPackageReference "Swinject" */;
			productName = Swinject;
		};
		FAEDAFE52A559467004C4E5A /* RxCocoa */ = {
			isa = XCSwiftPackageProductDependency;
			package = FAEDAFE42A559467004C4E5A /* XCRemoteSwiftPackageReference "RxSwift" */;
			productName = RxCocoa;
		};
		FAEDAFE72A559467004C4E5A /* RxRelay */ = {
			isa = XCSwiftPackageProductDependency;
			package = FAEDAFE42A559467004C4E5A /* XCRemoteSwiftPackageReference "RxSwift" */;
			productName = RxRelay;
		};
		FAEDAFE92A559467004C4E5A /* RxSwift */ = {
			isa = XCSwiftPackageProductDependency;
			package = FAEDAFE42A559467004C4E5A /* XCRemoteSwiftPackageReference "RxSwift" */;
			productName = RxSwift;
		};
		FAEDAFEC2A559473004C4E5A /* Alamofire */ = {
			isa = XCSwiftPackageProductDependency;
			package = FAEDAFEB2A559473004C4E5A /* XCRemoteSwiftPackageReference "Alamofire" */;
			productName = Alamofire;
		};
/* End XCSwiftPackageProductDependency section */
	};
	rootObject = FAEDAFA02A5593D9004C4E5A /* Project object */;
}
